{
    "_readme": [
        "This file locks the dependencies of your project to a known state",
        "Read more about it at https://getcomposer.org/doc/01-basic-usage.md#installing-dependencies",
        "This file is @generated automatically"
    ],
    "content-hash": "f2f7763a45964ca1b1542cb6a1c0a985",
    "packages": [
        {
            "name": "a.vorobeva/package",
            "version": "dev-master",
            "source": {
                "type": "git",
                "url": "https://github.com/4ng5tymck00l/package.git",
                "reference": "23d3a0341ca39710a0966ed90c1a3bcc5d82be3d"
            },
            "dist": {
                "type": "zip",
                "url": "https://api.github.com/repos/4ng5tymck00l/package/zipball/23d3a0341ca39710a0966ed90c1a3bcc5d82be3d",
                "reference": "23d3a0341ca39710a0966ed90c1a3bcc5d82be3d",
                "shasum": ""
            },
            "require": {
                "php": ">=7.4"
            },
            "default-branch": true,
            "type": "project",
            "autoload": {
                "psr-4": {
                    "App\\": "src/"
                }
            },
            "notification-url": "https://packagist.org/downloads/",
            "license": [
                "proprietary"
            ],
            "authors": [
                {
                    "name": "Anastasia Vorobeva",
                    "role": "Developer"
                }
            ],
            "homepage": "https://github.com/4ng5tymck00l/package",
            "support": {
                "issues": "https://github.com/4ng5tymck00l/package/issues",
                "source": "https://github.com/4ng5tymck00l/package/tree/master"
            },
            "time": "2023-11-07T08:56:26+00:00"
        }
    ],
    "packages-dev": [],
    "aliases": [],
    "minimum-stability": "dev",
    "stability-flags": [],
    "prefer-stable": false,
    "prefer-lowest": false,
    "platform": [],
    "platform-dev": [],
    "plugin-api-version": "2.3.0"
}
